
Microsoft Visual Studio Solution File, Format Version 12.00
# Visual Studio Version 17
VisualStudioVersion = 17.4.33213.308
MinimumVisualStudioVersion = 10.0.40219.1
Project("{FAE04EC0-301F-11D3-BF4B-00C04F79EFBC}") = "WebApi", "WebApi\WebApi.csproj", "{100EB36D-F675-4A52-A3D2-14119A8F4015}"
EndProject
Global
	GlobalSection(SolutionConfigurationPlatforms) = preSolution
		Debug|Any CPU = Debug|Any CPU
		Release|Any CPU = Release|Any CPU
	EndGlobalSection
	GlobalSection(ProjectConfigurationPlatforms) = postSolution
		{100EB36D-F675-4A52-A3D2-14119A8F4015}.Debug|Any CPU.ActiveCfg = Debug|Any CPU
		{100EB36D-F675-4A52-A3D2-14119A8F4015}.Debug|Any CPU.Build.0 = Debug|Any CPU
		{100EB36D-F675-4A52-A3D2-14119A8F4015}.Release|Any CPU.ActiveCfg = Release|Any CPU
		{100EB36D-F675-4A52-A3D2-14119A8F4015}.Release|Any CPU.Build.0 = Release|Any CPU
	EndGlobalSection
	GlobalSection(SolutionProperties) = preSolution
		HideSolutionNode = FALSE
	EndGlobalSection
	GlobalSection(ExtensibilityGlobals) = postSolution
		SolutionGuid = {AE948863-6087-444E-957A-7D93ACC974F4}
	EndGlobalSection
EndGlobal
