
Microsoft Visual Studio Solution File, Format Version 12.00
# Visual Studio Version 17
VisualStudioVersion = 17.4.33213.308
MinimumVisualStudioVersion = 10.0.40219.1
Project("{FAE04EC0-301F-11D3-BF4B-00C04F79EFBC}") = "ApiDeCreacionDeUsuarios", "ApiDeCreacionDeUsuarios\ApiDeCreacionDeUsuarios.csproj", "{53FD1FEC-7CD9-4499-A5F0-86AECF9AAD0A}"
EndProject
Global
	GlobalSection(SolutionConfigurationPlatforms) = preSolution
		Debug|Any CPU = Debug|Any CPU
		Release|Any CPU = Release|Any CPU
	EndGlobalSection
	GlobalSection(ProjectConfigurationPlatforms) = postSolution
		{53FD1FEC-7CD9-4499-A5F0-86AECF9AAD0A}.Debug|Any CPU.ActiveCfg = Debug|Any CPU
		{53FD1FEC-7CD9-4499-A5F0-86AECF9AAD0A}.Debug|Any CPU.Build.0 = Debug|Any CPU
		{53FD1FEC-7CD9-4499-A5F0-86AECF9AAD0A}.Release|Any CPU.ActiveCfg = Release|Any CPU
		{53FD1FEC-7CD9-4499-A5F0-86AECF9AAD0A}.Release|Any CPU.Build.0 = Release|Any CPU
	EndGlobalSection
	GlobalSection(SolutionProperties) = preSolution
		HideSolutionNode = FALSE
	EndGlobalSection
	GlobalSection(ExtensibilityGlobals) = postSolution
		SolutionGuid = {FCCF908D-0D81-4F1F-97EB-7689D75FE10F}
	EndGlobalSection
EndGlobal
